
Microsoft Visual Studio Solution File, Format Version 12.00
# Visual Studio 15
VisualStudioVersion = 15.0.26124.0
MinimumVisualStudioVersion = 15.0.26124.0
Project("{2150E333-8FDC-42A3-9474-1A3956D46DE8}") = "src", "src", "{6A4BA4B2-14A6-4581-8795-88FB55896C87}"
EndProject
Project("{FAE04EC0-301F-11D3-BF4B-00C04F79EFBC}") = "PubSubSpeedTest.Api", "src\PubSubSpeedTest.Api\PubSubSpeedTest.Api.csproj", "{E49BA8DB-AC3D-4790-8916-F6C11C35054F}"
EndProject
Project("{FAE04EC0-301F-11D3-BF4B-00C04F79EFBC}") = "PubSubSpeedTest.Worker", "src\PubSubSpeedTest.Worker\PubSubSpeedTest.Worker.csproj", "{61AE700B-4717-41A4-AAE4-9DE3ECCADF2F}"
EndProject
Global
	GlobalSection(SolutionConfigurationPlatforms) = preSolution
		Debug|Any CPU = Debug|Any CPU
		Debug|x64 = Debug|x64
		Debug|x86 = Debug|x86
		Release|Any CPU = Release|Any CPU
		Release|x64 = Release|x64
		Release|x86 = Release|x86
	EndGlobalSection
	GlobalSection(SolutionProperties) = preSolution
		HideSolutionNode = FALSE
	EndGlobalSection
	GlobalSection(ProjectConfigurationPlatforms) = postSolution
		{E49BA8DB-AC3D-4790-8916-F6C11C35054F}.Debug|Any CPU.ActiveCfg = Debug|Any CPU
		{E49BA8DB-AC3D-4790-8916-F6C11C35054F}.Debug|Any CPU.Build.0 = Debug|Any CPU
		{E49BA8DB-AC3D-4790-8916-F6C11C35054F}.Debug|x64.ActiveCfg = Debug|Any CPU
		{E49BA8DB-AC3D-4790-8916-F6C11C35054F}.Debug|x64.Build.0 = Debug|Any CPU
		{E49BA8DB-AC3D-4790-8916-F6C11C35054F}.Debug|x86.ActiveCfg = Debug|Any CPU
		{E49BA8DB-AC3D-4790-8916-F6C11C35054F}.Debug|x86.Build.0 = Debug|Any CPU
		{E49BA8DB-AC3D-4790-8916-F6C11C35054F}.Release|Any CPU.ActiveCfg = Release|Any CPU
		{E49BA8DB-AC3D-4790-8916-F6C11C35054F}.Release|Any CPU.Build.0 = Release|Any CPU
		{E49BA8DB-AC3D-4790-8916-F6C11C35054F}.Release|x64.ActiveCfg = Release|Any CPU
		{E49BA8DB-AC3D-4790-8916-F6C11C35054F}.Release|x64.Build.0 = Release|Any CPU
		{E49BA8DB-AC3D-4790-8916-F6C11C35054F}.Release|x86.ActiveCfg = Release|Any CPU
		{E49BA8DB-AC3D-4790-8916-F6C11C35054F}.Release|x86.Build.0 = Release|Any CPU
		{61AE700B-4717-41A4-AAE4-9DE3ECCADF2F}.Debug|Any CPU.ActiveCfg = Debug|Any CPU
		{61AE700B-4717-41A4-AAE4-9DE3ECCADF2F}.Debug|Any CPU.Build.0 = Debug|Any CPU
		{61AE700B-4717-41A4-AAE4-9DE3ECCADF2F}.Debug|x64.ActiveCfg = Debug|Any CPU
		{61AE700B-4717-41A4-AAE4-9DE3ECCADF2F}.Debug|x64.Build.0 = Debug|Any CPU
		{61AE700B-4717-41A4-AAE4-9DE3ECCADF2F}.Debug|x86.ActiveCfg = Debug|Any CPU
		{61AE700B-4717-41A4-AAE4-9DE3ECCADF2F}.Debug|x86.Build.0 = Debug|Any CPU
		{61AE700B-4717-41A4-AAE4-9DE3ECCADF2F}.Release|Any CPU.ActiveCfg = Release|Any CPU
		{61AE700B-4717-41A4-AAE4-9DE3ECCADF2F}.Release|Any CPU.Build.0 = Release|Any CPU
		{61AE700B-4717-41A4-AAE4-9DE3ECCADF2F}.Release|x64.ActiveCfg = Release|Any CPU
		{61AE700B-4717-41A4-AAE4-9DE3ECCADF2F}.Release|x64.Build.0 = Release|Any CPU
		{61AE700B-4717-41A4-AAE4-9DE3ECCADF2F}.Release|x86.ActiveCfg = Release|Any CPU
		{61AE700B-4717-41A4-AAE4-9DE3ECCADF2F}.Release|x86.Build.0 = Release|Any CPU
	EndGlobalSection
	GlobalSection(NestedProjects) = preSolution
		{E49BA8DB-AC3D-4790-8916-F6C11C35054F} = {6A4BA4B2-14A6-4581-8795-88FB55896C87}
		{61AE700B-4717-41A4-AAE4-9DE3ECCADF2F} = {6A4BA4B2-14A6-4581-8795-88FB55896C87}
	EndGlobalSection
EndGlobal
